// !$*UTF8*$!
{
	archiveVersion = 1;
	classes = {
	};
	objectVersion = 77;
	objects = {

/* Begin PBXBuildFile section */
		8F77CC5E2EAA3EF500D4FB4F /* FirebaseAnalytics in Frameworks */ = {isa = PBXBuildFile; productRef = 8F77CC5D2EAA3EF500D4FB4F /* FirebaseAnalytics */; };
		8F77CC602EAA3EF500D4FB4F /* FirebaseMessaging in Frameworks */ = {isa = PBXBuildFile; productRef = 8F77CC5F2EAA3EF500D4FB4F /* FirebaseMessaging */; };
		8F77CDAA2EAFB41200D4FB4F /* NotificationServiceExtensionApp.appex in Embed Foundation Extensions */ = {isa = PBXBuildFile; fileRef = 8F77CDA32EAFB41200D4FB4F /* NotificationServiceExtensionApp.appex */; settings = {ATTRIBUTES = (RemoveHeadersOnCopy, ); }; };
		8F77CDB22EAFB44500D4FB4F /* FirebaseMessaging in Frameworks */ = {isa = PBXBuildFile; productRef = 8F77CDB12EAFB44500D4FB4F /* FirebaseMessaging */; };
/* End PBXBuildFile section */

/* Begin PBXContainerItemProxy section */
		8F77CC2A2EAA3B1600D4FB4F /* PBXContainerItemProxy */ = {
			isa = PBXContainerItemProxy;
			containerPortal = 8F77CC132EAA3B1400D4FB4F /* Project object */;
			proxyType = 1;
			remoteGlobalIDString = 8F77CC1A2EAA3B1400D4FB4F;
			remoteInfo = TodoSphere;
		};
		8F77CC342EAA3B1600D4FB4F /* PBXContainerItemProxy */ = {
			isa = PBXContainerItemProxy;
			containerPortal = 8F77CC132EAA3B1400D4FB4F /* Project object */;
			proxyType = 1;
			remoteGlobalIDString = 8F77CC1A2EAA3B1400D4FB4F;
			remoteInfo = TodoSphere;
		};
		8F77CDA82EAFB41200D4FB4F /* PBXContainerItemProxy */ = {
			isa = PBXContainerItemProxy;
			containerPortal = 8F77CC132EAA3B1400D4FB4F /* Project object */;
			proxyType = 1;
			remoteGlobalIDString = 8F77CDA22EAFB41200D4FB4F;
			remoteInfo = NotificationServiceExtensionApp;
		};
/* End PBXContainerItemProxy section */

/* Begin PBXCopyFilesBuildPhase section */
		8F77CDAF2EAFB41200D4FB4F /* Embed Foundation Extensions */ = {
			isa = PBXCopyFilesBuildPhase;
			buildActionMask = 2147483647;
			dstPath = "";
			dstSubfolderSpec = 13;
			files = (
				8F77CDAA2EAFB41200D4FB4F /* NotificationServiceExtensionApp.appex in Embed Foundation Extensions */,
			);
			name = "Embed Foundation Extensions";
			runOnlyForDeploymentPostprocessing = 0;
		};
/* End PBXCopyFilesBuildPhase section */

/* Begin PBXFileReference section */
		8F77CC1B2EAA3B1400D4FB4F /* TodoSphere.app */ = {isa = PBXFileReference; explicitFileType = wrapper.application; includeInIndex = 0; path = TodoSphere.app; sourceTree = BUILT_PRODUCTS_DIR; };
		8F77CC292EAA3B1600D4FB4F /* TodoSphereTests.xctest */ = {isa = PBXFileReference; explicitFileType = wrapper.cfbundle; includeInIndex = 0; path = TodoSphereTests.xctest; sourceTree = BUILT_PRODUCTS_DIR; };
		8F77CC332EAA3B1600D4FB4F /* TodoSphereUITests.xctest */ = {isa = PBXFileReference; explicitFileType = wrapper.cfbundle; includeInIndex = 0; path = TodoSphereUITests.xctest; sourceTree = BUILT_PRODUCTS_DIR; };
		8F77CDA32EAFB41200D4FB4F /* NotificationServiceExtensionApp.appex */ = {isa = PBXFileReference; explicitFileType = "wrapper.app-extension"; includeInIndex = 0; path = NotificationServiceExtensionApp.appex; sourceTree = BUILT_PRODUCTS_DIR; };
/* End PBXFileReference section */

/* Begin PBXFileSystemSynchronizedBuildFileExceptionSet section */
		8F77CC592EAA3DAF00D4FB4F /* Exceptions for "TodoSphere" folder in "TodoSphere" target */ = {
			isa = PBXFileSystemSynchronizedBuildFileExceptionSet;
			membershipExceptions = (
				Info.plist,
			);
			target = 8F77CC1A2EAA3B1400D4FB4F /* TodoSphere */;
		};
		8F77CDAE2EAFB41200D4FB4F /* Exceptions for "NotificationServiceExtensionApp" folder in "NotificationServiceExtensionApp" target */ = {
			isa = PBXFileSystemSynchronizedBuildFileExceptionSet;
			membershipExceptions = (
				Info.plist,
			);
			target = 8F77CDA22EAFB41200D4FB4F /* NotificationServiceExtensionApp */;
		};
/* End PBXFileSystemSynchronizedBuildFileExceptionSet section */

/* Begin PBXFileSystemSynchronizedRootGroup section */
		8F77CC1D2EAA3B1400D4FB4F /* TodoSphere */ = {
			isa = PBXFileSystemSynchronizedRootGroup;
			exceptions = (
				8F77CC592EAA3DAF00D4FB4F /* Exceptions for "TodoSphere" folder in "TodoSphere" target */,
			);
			path = TodoSphere;
			sourceTree = "<group>";
		};
		8F77CC2C2EAA3B1600D4FB4F /* TodoSphereTests */ = {
			isa = PBXFileSystemSynchronizedRootGroup;
			path = TodoSphereTests;
			sourceTree = "<group>";
		};
		8F77CC362EAA3B1600D4FB4F /* TodoSphereUITests */ = {
			isa = PBXFileSystemSynchronizedRootGroup;
			path = TodoSphereUITests;
			sourceTree = "<group>";
		};
		8F77CDA42EAFB41200D4FB4F /* NotificationServiceExtensionApp */ = {
			isa = PBXFileSystemSynchronizedRootGroup;
			exceptions = (
				8F77CDAE2EAFB41200D4FB4F /* Exceptions for "NotificationServiceExtensionApp" folder in "NotificationServiceExtensionApp" target */,
			);
			path = NotificationServiceExtensionApp;
			sourceTree = "<group>";
		};
/* End PBXFileSystemSynchronizedRootGroup section */

/* Begin PBXFrameworksBuildPhase section */
		8F77CC182EAA3B1400D4FB4F /* Frameworks */ = {
			isa = PBXFrameworksBuildPhase;
			buildActionMask = 2147483647;
			files = (
				8F77CC602EAA3EF500D4FB4F /* FirebaseMessaging in Frameworks */,
				8F77CC5E2EAA3EF500D4FB4F /* FirebaseAnalytics in Frameworks */,
			);
			runOnlyForDeploymentPostprocessing = 0;
		};
		8F77CC262EAA3B1600D4FB4F /* Frameworks */ = {
			isa = PBXFrameworksBuildPhase;
			buildActionMask = 2147483647;
			files = (
			);
			runOnlyForDeploymentPostprocessing = 0;
		};
		8F77CC302EAA3B1600D4FB4F /* Frameworks */ = {
			isa = PBXFrameworksBuildPhase;
			buildActionMask = 2147483647;
			files = (
			);
			runOnlyForDeploymentPostprocessing = 0;
		};
		8F77CDA02EAFB41200D4FB4F /* Frameworks */ = {
			isa = PBXFrameworksBuildPhase;
			buildActionMask = 2147483647;
			files = (
				8F77CDB22EAFB44500D4FB4F /* FirebaseMessaging in Frameworks */,
			);
			runOnlyForDeploymentPostprocessing = 0;
		};
/* End PBXFrameworksBuildPhase section */

/* Begin PBXGroup section */
		8F77CC122EAA3B1400D4FB4F = {
			isa = PBXGroup;
			children = (
				8F77CC1D2EAA3B1400D4FB4F /* TodoSphere */,
				8F77CC2C2EAA3B1600D4FB4F /* TodoSphereTests */,
				8F77CC362EAA3B1600D4FB4F /* TodoSphereUITests */,
				8F77CDA42EAFB41200D4FB4F /* NotificationServiceExtensionApp */,
				8F77CDB02EAFB44500D4FB4F /* Frameworks */,
				8F77CC1C2EAA3B1400D4FB4F /* Products */,
			);
			sourceTree = "<group>";
		};
		8F77CC1C2EAA3B1400D4FB4F /* Products */ = {
			isa = PBXGroup;
			children = (
				8F77CC1B2EAA3B1400D4FB4F /* TodoSphere.app */,
				8F77CC292EAA3B1600D4FB4F /* TodoSphereTests.xctest */,
				8F77CC332EAA3B1600D4FB4F /* TodoSphereUITests.xctest */,
				8F77CDA32EAFB41200D4FB4F /* NotificationServiceExtensionApp.appex */,
			);
			name = Products;
			sourceTree = "<group>";
		};
		8F77CDB02EAFB44500D4FB4F /* Frameworks */ = {
			isa = PBXGroup;
			children = (
			);
			name = Frameworks;
			sourceTree = "<group>";
		};
/* End PBXGroup section */

/* Begin PBXNativeTarget section */
		8F77CC1A2EAA3B1400D4FB4F /* TodoSphere */ = {
			isa = PBXNativeTarget;
			buildConfigurationList = 8F77CC3D2EAA3B1600D4FB4F /* Build configuration list for PBXNativeTarget "TodoSphere" */;
			buildPhases = (
				8F77CC172EAA3B1400D4FB4F /* Sources */,
				8F77CC182EAA3B1400D4FB4F /* Frameworks */,
				8F77CC192EAA3B1400D4FB4F /* Resources */,
				8F77CDAF2EAFB41200D4FB4F /* Embed Foundation Extensions */,
			);
			buildRules = (
			);
			dependencies = (
				8F77CDA92EAFB41200D4FB4F /* PBXTargetDependency */,
			);
			fileSystemSynchronizedGroups = (
				8F77CC1D2EAA3B1400D4FB4F /* TodoSphere */,
			);
			name = TodoSphere;
			packageProductDependencies = (
				8F77CC5D2EAA3EF500D4FB4F /* FirebaseAnalytics */,
				8F77CC5F2EAA3EF500D4FB4F /* FirebaseMessaging */,
			);
			productName = TodoSphere;
			productReference = 8F77CC1B2EAA3B1400D4FB4F /* TodoSphere.app */;
			productType = "com.apple.product-type.application";
		};
		8F77CC282EAA3B1600D4FB4F /* TodoSphereTests */ = {
			isa = PBXNativeTarget;
			buildConfigurationList = 8F77CC402EAA3B1600D4FB4F /* Build configuration list for PBXNativeTarget "TodoSphereTests" */;
			buildPhases = (
				8F77CC252EAA3B1600D4FB4F /* Sources */,
				8F77CC262EAA3B1600D4FB4F /* Frameworks */,
				8F77CC272EAA3B1600D4FB4F /* Resources */,
			);
			buildRules = (
			);
			dependencies = (
				8F77CC2B2EAA3B1600D4FB4F /* PBXTargetDependency */,
			);
			fileSystemSynchronizedGroups = (
				8F77CC2C2EAA3B1600D4FB4F /* TodoSphereTests */,
			);
			name = TodoSphereTests;
			packageProductDependencies = (
			);
			productName = TodoSphereTests;
			productReference = 8F77CC292EAA3B1600D4FB4F /* TodoSphereTests.xctest */;
			productType = "com.apple.product-type.bundle.unit-test";
		};
		8F77CC322EAA3B1600D4FB4F /* TodoSphereUITests */ = {
			isa = PBXNativeTarget;
			buildConfigurationList = 8F77CC432EAA3B1600D4FB4F /* Build configuration list for PBXNativeTarget "TodoSphereUITests" */;
			buildPhases = (
				8F77CC2F2EAA3B1600D4FB4F /* Sources */,
				8F77CC302EAA3B1600D4FB4F /* Frameworks */,
				8F77CC312EAA3B1600D4FB4F /* Resources */,
			);
			buildRules = (
			);
			dependencies = (
				8F77CC352EAA3B1600D4FB4F /* PBXTargetDependency */,
			);
			fileSystemSynchronizedGroups = (
				8F77CC362EAA3B1600D4FB4F /* TodoSphereUITests */,
			);
			name = TodoSphereUITests;
			packageProductDependencies = (
			);
			productName = TodoSphereUITests;
			productReference = 8F77CC332EAA3B1600D4FB4F /* TodoSphereUITests.xctest */;
			productType = "com.apple.product-type.bundle.ui-testing";
		};
		8F77CDA22EAFB41200D4FB4F /* NotificationServiceExtensionApp */ = {
			isa = PBXNativeTarget;
			buildConfigurationList = 8F77CDAB2EAFB41200D4FB4F /* Build configuration list for PBXNativeTarget "NotificationServiceExtensionApp" */;
			buildPhases = (
				8F77CD9F2EAFB41200D4FB4F /* Sources */,
				8F77CDA02EAFB41200D4FB4F /* Frameworks */,
				8F77CDA12EAFB41200D4FB4F /* Resources */,
			);
			buildRules = (
			);
			dependencies = (
			);
			fileSystemSynchronizedGroups = (
				8F77CDA42EAFB41200D4FB4F /* NotificationServiceExtensionApp */,
			);
			name = NotificationServiceExtensionApp;
			packageProductDependencies = (
				8F77CDB12EAFB44500D4FB4F /* FirebaseMessaging */,
			);
			productName = NotificationServiceExtensionApp;
			productReference = 8F77CDA32EAFB41200D4FB4F /* NotificationServiceExtensionApp.appex */;
			productType = "com.apple.product-type.app-extension";
		};
/* End PBXNativeTarget section */

/* Begin PBXProject section */
		8F77CC132EAA3B1400D4FB4F /* Project object */ = {
			isa = PBXProject;
			attributes = {
				BuildIndependentTargetsInParallel = 1;
				LastSwiftUpdateCheck = 1640;
				LastUpgradeCheck = 1640;
				TargetAttributes = {
					8F77CC1A2EAA3B1400D4FB4F = {
						CreatedOnToolsVersion = 16.4;
					};
					8F77CC282EAA3B1600D4FB4F = {
						CreatedOnToolsVersion = 16.4;
						TestTargetID = 8F77CC1A2EAA3B1400D4FB4F;
					};
					8F77CC322EAA3B1600D4FB4F = {
						CreatedOnToolsVersion = 16.4;
						TestTargetID = 8F77CC1A2EAA3B1400D4FB4F;
					};
					8F77CDA22EAFB41200D4FB4F = {
						CreatedOnToolsVersion = 16.4;
					};
				};
			};
			buildConfigurationList = 8F77CC162EAA3B1400D4FB4F /* Build configuration list for PBXProject "TodoSphere" */;
			developmentRegion = en;
			hasScannedForEncodings = 0;
			knownRegions = (
				en,
				Base,
			);
			mainGroup = 8F77CC122EAA3B1400D4FB4F;
			minimizedProjectReferenceProxies = 1;
			packageReferences = (
				8F77CC5C2EAA3EF500D4FB4F /* XCRemoteSwiftPackageReference "firebase-ios-sdk" */,
			);
			preferredProjectObjectVersion = 77;
			productRefGroup = 8F77CC1C2EAA3B1400D4FB4F /* Products */;
			projectDirPath = "";
			projectRoot = "";
			targets = (
				8F77CC1A2EAA3B1400D4FB4F /* TodoSphere */,
				8F77CC282EAA3B1600D4FB4F /* TodoSphereTests */,
				8F77CC322EAA3B1600D4FB4F /* TodoSphereUITests */,
				8F77CDA22EAFB41200D4FB4F /* NotificationServiceExtensionApp */,
			);
		};
/* End PBXProject section */

/* Begin PBXResourcesBuildPhase section */
		8F77CC192EAA3B1400D4FB4F /* Resources */ = {
			isa = PBXResourcesBuildPhase;
			buildActionMask = 2147483647;
			files = (
			);
			runOnlyForDeploymentPostprocessing = 0;
		};
		8F77CC272EAA3B1600D4FB4F /* Resources */ = {
			isa = PBXResourcesBuildPhase;
			buildActionMask = 2147483647;
			files = (
			);
			runOnlyForDeploymentPostprocessing = 0;
		};
		8F77CC312EAA3B1600D4FB4F /* Resources */ = {
			isa = PBXResourcesBuildPhase;
			buildActionMask = 2147483647;
			files = (
			);
			runOnlyForDeploymentPostprocessing = 0;
		};
		8F77CDA12EAFB41200D4FB4F /* Resources */ = {
			isa = PBXResourcesBuildPhase;
			buildActionMask = 2147483647;
			files = (
			);
			runOnlyForDeploymentPostprocessing = 0;
		};
/* End PBXResourcesBuildPhase section */

/* Begin PBXSourcesBuildPhase section */
		8F77CC172EAA3B1400D4FB4F /* Sources */ = {
			isa = PBXSourcesBuildPhase;
			buildActionMask = 2147483647;
			files = (
			);
			runOnlyForDeploymentPostprocessing = 0;
		};
		8F77CC252EAA3B1600D4FB4F /* Sources */ = {
			isa = PBXSourcesBuildPhase;
			buildActionMask = 2147483647;
			files = (
			);
			runOnlyForDeploymentPostprocessing = 0;
		};
		8F77CC2F2EAA3B1600D4FB4F /* Sources */ = {
			isa = PBXSourcesBuildPhase;
			buildActionMask = 2147483647;
			files = (
			);
			runOnlyForDeploymentPostprocessing = 0;
		};
		8F77CD9F2EAFB41200D4FB4F /* Sources */ = {
			isa = PBXSourcesBuildPhase;
			buildActionMask = 2147483647;
			files = (
			);
			runOnlyForDeploymentPostprocessing = 0;
		};
/* End PBXSourcesBuildPhase section */

/* Begin PBXTargetDependency section */
		8F77CC2B2EAA3B1600D4FB4F /* PBXTargetDependency */ = {
			isa = PBXTargetDependency;
			target = 8F77CC1A2EAA3B1400D4FB4F /* TodoSphere */;
			targetProxy = 8F77CC2A2EAA3B1600D4FB4F /* PBXContainerItemProxy */;
		};
		8F77CC352EAA3B1600D4FB4F /* PBXTargetDependency */ = {
			isa = PBXTargetDependency;
			target = 8F77CC1A2EAA3B1400D4FB4F /* TodoSphere */;
			targetProxy = 8F77CC342EAA3B1600D4FB4F /* PBXContainerItemProxy */;
		};
		8F77CDA92EAFB41200D4FB4F /* PBXTargetDependency */ = {
			isa = PBXTargetDependency;
			target = 8F77CDA22EAFB41200D4FB4F /* NotificationServiceExtensionApp */;
			targetProxy = 8F77CDA82EAFB41200D4FB4F /* PBXContainerItemProxy */;
		};
/* End PBXTargetDependency section */

/* Begin XCBuildConfiguration section */
		8F77CC3B2EAA3B1600D4FB4F /* Debug */ = {
			isa = XCBuildConfiguration;
			buildSettings = {
				ALWAYS_SEARCH_USER_PATHS = NO;
				ASSETCATALOG_COMPILER_GENERATE_SWIFT_ASSET_SYMBOL_EXTENSIONS = YES;
				CLANG_ANALYZER_NONNULL = YES;
				CLANG_ANALYZER_NUMBER_OBJECT_CONVERSION = YES_AGGRESSIVE;
				CLANG_CXX_LANGUAGE_STANDARD = "gnu++20";
				CLANG_ENABLE_MODULES = YES;
				CLANG_ENABLE_OBJC_ARC = YES;
				CLANG_ENABLE_OBJC_WEAK = YES;
				CLANG_WARN_BLOCK_CAPTURE_AUTORELEASING = YES;
				CLANG_WARN_BOOL_CONVERSION = YES;
				CLANG_WARN_COMMA = YES;
				CLANG_WARN_CONSTANT_CONVERSION = YES;
				CLANG_WARN_DEPRECATED_OBJC_IMPLEMENTATIONS = YES;
				CLANG_WARN_DIRECT_OBJC_ISA_USAGE = YES_ERROR;
				CLANG_WARN_DOCUMENTATION_COMMENTS = YES;
				CLANG_WARN_EMPTY_BODY = YES;
				CLANG_WARN_ENUM_CONVERSION = YES;
				CLANG_WARN_INFINITE_RECURSION = YES;
				CLANG_WARN_INT_CONVERSION = YES;
				CLANG_WARN_NON_LITERAL_NULL_CONVERSION = YES;
				CLANG_WARN_OBJC_IMPLICIT_RETAIN_SELF = YES;
				CLANG_WARN_OBJC_LITERAL_CONVERSION = YES;
				CLANG_WARN_OBJC_ROOT_CLASS = YES_ERROR;
				CLANG_WARN_QUOTED_INCLUDE_IN_FRAMEWORK_HEADER = YES;
				CLANG_WARN_RANGE_LOOP_ANALYSIS = YES;
				CLANG_WARN_STRICT_PROTOTYPES = YES;
				CLANG_WARN_SUSPICIOUS_MOVE = YES;
				CLANG_WARN_UNGUARDED_AVAILABILITY = YES_AGGRESSIVE;
				CLANG_WARN_UNREACHABLE_CODE = YES;
				CLANG_WARN__DUPLICATE_METHOD_MATCH = YES;
				COPY_PHASE_STRIP = NO;
				DEBUG_INFORMATION_FORMAT = dwarf;
				ENABLE_STRICT_OBJC_MSGSEND = YES;
				ENABLE_TESTABILITY = YES;
				ENABLE_USER_SCRIPT_SANDBOXING = YES;
				GCC_C_LANGUAGE_STANDARD = gnu17;
				GCC_DYNAMIC_NO_PIC = NO;
				GCC_NO_COMMON_BLOCKS = YES;
				GCC_OPTIMIZATION_LEVEL = 0;
				GCC_PREPROCESSOR_DEFINITIONS = (
					"DEBUG=1",
					"$(inherited)",
				);
				GCC_WARN_64_TO_32_BIT_CONVERSION = YES;
				GCC_WARN_ABOUT_RETURN_TYPE = YES_ERROR;
				GCC_WARN_UNDECLARED_SELECTOR = YES;
				GCC_WARN_UNINITIALIZED_AUTOS = YES_AGGRESSIVE;
				GCC_WARN_UNUSED_FUNCTION = YES;
				GCC_WARN_UNUSED_VARIABLE = YES;
				LOCALIZATION_PREFERS_STRING_CATALOGS = YES;
				MTL_ENABLE_DEBUG_INFO = INCLUDE_SOURCE;
				MTL_FAST_MATH = YES;
				ONLY_ACTIVE_ARCH = YES;
				SWIFT_ACTIVE_COMPILATION_CONDITIONS = "DEBUG $(inherited)";
				SWIFT_OPTIMIZATION_LEVEL = "-Onone";
			};
			name = Debug;
		};
		8F77CC3C2EAA3B1600D4FB4F /* Release */ = {
			isa = XCBuildConfiguration;
			buildSettings = {
				ALWAYS_SEARCH_USER_PATHS = NO;
				ASSETCATALOG_COMPILER_GENERATE_SWIFT_ASSET_SYMBOL_EXTENSIONS = YES;
				CLANG_ANALYZER_NONNULL = YES;
				CLANG_ANALYZER_NUMBER_OBJECT_CONVERSION = YES_AGGRESSIVE;
				CLANG_CXX_LANGUAGE_STANDARD = "gnu++20";
				CLANG_ENABLE_MODULES = YES;
				CLANG_ENABLE_OBJC_ARC = YES;
				CLANG_ENABLE_OBJC_WEAK = YES;
				CLANG_WARN_BLOCK_CAPTURE_AUTORELEASING = YES;
				CLANG_WARN_BOOL_CONVERSION = YES;
				CLANG_WARN_COMMA = YES;
				CLANG_WARN_CONSTANT_CONVERSION = YES;
				CLANG_WARN_DEPRECATED_OBJC_IMPLEMENTATIONS = YES;
				CLANG_WARN_DIRECT_OBJC_ISA_USAGE = YES_ERROR;
				CLANG_WARN_DOCUMENTATION_COMMENTS = YES;
				CLANG_WARN_EMPTY_BODY = YES;
				CLANG_WARN_ENUM_CONVERSION = YES;
				CLANG_WARN_INFINITE_RECURSION = YES;
				CLANG_WARN_INT_CONVERSION = YES;
				CLANG_WARN_NON_LITERAL_NULL_CONVERSION = YES;
				CLANG_WARN_OBJC_IMPLICIT_RETAIN_SELF = YES;
				CLANG_WARN_OBJC_LITERAL_CONVERSION = YES;
				CLANG_WARN_OBJC_ROOT_CLASS = YES_ERROR;
				CLANG_WARN_QUOTED_INCLUDE_IN_FRAMEWORK_HEADER = YES;
				CLANG_WARN_RANGE_LOOP_ANALYSIS = YES;
				CLANG_WARN_STRICT_PROTOTYPES = YES;
				CLANG_WARN_SUSPICIOUS_MOVE = YES;
				CLANG_WARN_UNGUARDED_AVAILABILITY = YES_AGGRESSIVE;
				CLANG_WARN_UNREACHABLE_CODE = YES;
				CLANG_WARN__DUPLICATE_METHOD_MATCH = YES;
				COPY_PHASE_STRIP = NO;
				DEBUG_INFORMATION_FORMAT = "dwarf-with-dsym";
				ENABLE_NS_ASSERTIONS = NO;
				ENABLE_STRICT_OBJC_MSGSEND = YES;
				ENABLE_USER_SCRIPT_SANDBOXING = YES;
				GCC_C_LANGUAGE_STANDARD = gnu17;
				GCC_NO_COMMON_BLOCKS = YES;
				GCC_WARN_64_TO_32_BIT_CONVERSION = YES;
				GCC_WARN_ABOUT_RETURN_TYPE = YES_ERROR;
				GCC_WARN_UNDECLARED_SELECTOR = YES;
				GCC_WARN_UNINITIALIZED_AUTOS = YES_AGGRESSIVE;
				GCC_WARN_UNUSED_FUNCTION = YES;
				GCC_WARN_UNUSED_VARIABLE = YES;
				LOCALIZATION_PREFERS_STRING_CATALOGS = YES;
				MTL_ENABLE_DEBUG_INFO = NO;
				MTL_FAST_MATH = YES;
				SWIFT_COMPILATION_MODE = wholemodule;
			};
			name = Release;
		};
		8F77CC3E2EAA3B1600D4FB4F /* Debug */ = {
			isa = XCBuildConfiguration;
			buildSettings = {
				ASSETCATALOG_COMPILER_APPICON_NAME = AppIcon;
				ASSETCATALOG_COMPILER_GLOBAL_ACCENT_COLOR_NAME = AccentColor;
				CODE_SIGN_ENTITLEMENTS = TodoSphere/TodoSphere.entitlements;
				CODE_SIGN_STYLE = Automatic;
				CURRENT_PROJECT_VERSION = 1;
				ENABLE_PREVIEWS = YES;
				GENERATE_INFOPLIST_FILE = YES;
				INFOPLIST_FILE = TodoSphere/Info.plist;
				INFOPLIST_KEY_NSCameraUsageDescription = "Allow to use your camera to use feature of the app.";
				"INFOPLIST_KEY_UIApplicationSceneManifest_Generation[sdk=iphoneos*]" = YES;
				"INFOPLIST_KEY_UIApplicationSceneManifest_Generation[sdk=iphonesimulator*]" = YES;
				"INFOPLIST_KEY_UIApplicationSupportsIndirectInputEvents[sdk=iphoneos*]" = YES;
				"INFOPLIST_KEY_UIApplicationSupportsIndirectInputEvents[sdk=iphonesimulator*]" = YES;
				"INFOPLIST_KEY_UILaunchScreen_Generation[sdk=iphoneos*]" = YES;
				"INFOPLIST_KEY_UILaunchScreen_Generation[sdk=iphonesimulator*]" = YES;
				"INFOPLIST_KEY_UIStatusBarStyle[sdk=iphoneos*]" = UIStatusBarStyleDefault;
				"INFOPLIST_KEY_UIStatusBarStyle[sdk=iphonesimulator*]" = UIStatusBarStyleDefault;
				INFOPLIST_KEY_UISupportedInterfaceOrientations_iPad = "UIInterfaceOrientationPortrait UIInterfaceOrientationPortraitUpsideDown UIInterfaceOrientationLandscapeLeft UIInterfaceOrientationLandscapeRight";
				INFOPLIST_KEY_UISupportedInterfaceOrientations_iPhone = "UIInterfaceOrientationPortrait UIInterfaceOrientationLandscapeLeft UIInterfaceOrientationLandscapeRight";
				IPHONEOS_DEPLOYMENT_TARGET = 15.0;
				LD_RUNPATH_SEARCH_PATHS = "@executable_path/Frameworks";
				"LD_RUNPATH_SEARCH_PATHS[sdk=macosx*]" = "@executable_path/../Frameworks";
				MACOSX_DEPLOYMENT_TARGET = 15.3;
				MARKETING_VERSION = 1.0;
				PRODUCT_BUNDLE_IDENTIFIER = com.manageroftasksapps.TodoSphere;
				PRODUCT_NAME = "$(TARGET_NAME)";
				REGISTER_APP_GROUPS = YES;
				SDKROOT = auto;
				SUPPORTED_PLATFORMS = "iphoneos iphonesimulator";
				SUPPORTS_MACCATALYST = NO;
				SWIFT_EMIT_LOC_STRINGS = YES;
				SWIFT_VERSION = 5.0;
				TARGETED_DEVICE_FAMILY = 1;
				XROS_DEPLOYMENT_TARGET = 2.5;
			};
			name = Debug;
		};
		8F77CC3F2EAA3B1600D4FB4F /* Release */ = {
			isa = XCBuildConfiguration;
			buildSettings = {
				ASSETCATALOG_COMPILER_APPICON_NAME = AppIcon;
				ASSETCATALOG_COMPILER_GLOBAL_ACCENT_COLOR_NAME = AccentColor;
				CODE_SIGN_ENTITLEMENTS = TodoSphere/TodoSphere.entitlements;
				CODE_SIGN_STYLE = Automatic;
				CURRENT_PROJECT_VERSION = 1;
				ENABLE_PREVIEWS = YES;
				GENERATE_INFOPLIST_FILE = YES;
				INFOPLIST_FILE = TodoSphere/Info.plist;
				INFOPLIST_KEY_NSCameraUsageDescription = "Allow to use your camera to use feature of the app.";
				"INFOPLIST_KEY_UIApplicationSceneManifest_Generation[sdk=iphoneos*]" = YES;
				"INFOPLIST_KEY_UIApplicationSceneManifest_Generation[sdk=iphonesimulator*]" = YES;
				"INFOPLIST_KEY_UIApplicationSupportsIndirectInputEvents[sdk=iphoneos*]" = YES;
				"INFOPLIST_KEY_UIApplicationSupportsIndirectInputEvents[sdk=iphonesimulator*]" = YES;
				"INFOPLIST_KEY_UILaunchScreen_Generation[sdk=iphoneos*]" = YES;
				"INFOPLIST_KEY_UILaunchScreen_Generation[sdk=iphonesimulator*]" = YES;
				"INFOPLIST_KEY_UIStatusBarStyle[sdk=iphoneos*]" = UIStatusBarStyleDefault;
				"INFOPLIST_KEY_UIStatusBarStyle[sdk=iphonesimulator*]" = UIStatusBarStyleDefault;
				INFOPLIST_KEY_UISupportedInterfaceOrientations_iPad = "UIInterfaceOrientationPortrait UIInterfaceOrientationPortraitUpsideDown UIInterfaceOrientationLandscapeLeft UIInterfaceOrientationLandscapeRight";
				INFOPLIST_KEY_UISupportedInterfaceOrientations_iPhone = "UIInterfaceOrientationPortrait UIInterfaceOrientationLandscapeLeft UIInterfaceOrientationLandscapeRight";
				IPHONEOS_DEPLOYMENT_TARGET = 15.0;
				LD_RUNPATH_SEARCH_PATHS = "@executable_path/Frameworks";
				"LD_RUNPATH_SEARCH_PATHS[sdk=macosx*]" = "@executable_path/../Frameworks";
				MACOSX_DEPLOYMENT_TARGET = 15.3;
				MARKETING_VERSION = 1.0;
				PRODUCT_BUNDLE_IDENTIFIER = com.manageroftasksapps.TodoSphere;
				PRODUCT_NAME = "$(TARGET_NAME)";
				REGISTER_APP_GROUPS = YES;
				SDKROOT = auto;
				SUPPORTED_PLATFORMS = "iphoneos iphonesimulator";
				SUPPORTS_MACCATALYST = NO;
				SWIFT_EMIT_LOC_STRINGS = YES;
				SWIFT_VERSION = 5.0;
				TARGETED_DEVICE_FAMILY = 1;
				XROS_DEPLOYMENT_TARGET = 2.5;
			};
			name = Release;
		};
		8F77CC412EAA3B1600D4FB4F /* Debug */ = {
			isa = XCBuildConfiguration;
			buildSettings = {
				BUNDLE_LOADER = "$(TEST_HOST)";
				CODE_SIGN_STYLE = Automatic;
				CURRENT_PROJECT_VERSION = 1;
				GENERATE_INFOPLIST_FILE = YES;
				IPHONEOS_DEPLOYMENT_TARGET = 18.5;
				MACOSX_DEPLOYMENT_TARGET = 15.3;
				MARKETING_VERSION = 1.0;
				PRODUCT_BUNDLE_IDENTIFIER = com.healtinhappchick.TodoSphereTests;
				PRODUCT_NAME = "$(TARGET_NAME)";
				SDKROOT = auto;
				SUPPORTED_PLATFORMS = "iphoneos iphonesimulator macosx xros xrsimulator";
				SWIFT_EMIT_LOC_STRINGS = NO;
				SWIFT_VERSION = 5.0;
				TARGETED_DEVICE_FAMILY = "1,2,7";
				TEST_HOST = "$(BUILT_PRODUCTS_DIR)/TodoSphere.app/$(BUNDLE_EXECUTABLE_FOLDER_PATH)/TodoSphere";
				XROS_DEPLOYMENT_TARGET = 2.5;
			};
			name = Debug;
		};
		8F77CC422EAA3B1600D4FB4F /* Release */ = {
			isa = XCBuildConfiguration;
			buildSettings = {
				BUNDLE_LOADER = "$(TEST_HOST)";
				CODE_SIGN_STYLE = Automatic;
				CURRENT_PROJECT_VERSION = 1;
				GENERATE_INFOPLIST_FILE = YES;
				IPHONEOS_DEPLOYMENT_TARGET = 18.5;
				MACOSX_DEPLOYMENT_TARGET = 15.3;
				MARKETING_VERSION = 1.0;
				PRODUCT_BUNDLE_IDENTIFIER = com.healtinhappchick.TodoSphereTests;
				PRODUCT_NAME = "$(TARGET_NAME)";
				SDKROOT = auto;
				SUPPORTED_PLATFORMS = "iphoneos iphonesimulator macosx xros xrsimulator";
				SWIFT_EMIT_LOC_STRINGS = NO;
				SWIFT_VERSION = 5.0;
				TARGETED_DEVICE_FAMILY = "1,2,7";
				TEST_HOST = "$(BUILT_PRODUCTS_DIR)/TodoSphere.app/$(BUNDLE_EXECUTABLE_FOLDER_PATH)/TodoSphere";
				XROS_DEPLOYMENT_TARGET = 2.5;
			};
			name = Release;
		};
		8F77CC442EAA3B1600D4FB4F /* Debug */ = {
			isa = XCBuildConfiguration;
			buildSettings = {
				CODE_SIGN_STYLE = Automatic;
				CURRENT_PROJECT_VERSION = 1;
				GENERATE_INFOPLIST_FILE = YES;
				IPHONEOS_DEPLOYMENT_TARGET = 18.5;
				MACOSX_DEPLOYMENT_TARGET = 15.3;
				MARKETING_VERSION = 1.0;
				PRODUCT_BUNDLE_IDENTIFIER = com.healtinhappchick.TodoSphereUITests;
				PRODUCT_NAME = "$(TARGET_NAME)";
				SDKROOT = auto;
				SUPPORTED_PLATFORMS = "iphoneos iphonesimulator macosx xros xrsimulator";
				SWIFT_EMIT_LOC_STRINGS = NO;
				SWIFT_VERSION = 5.0;
				TARGETED_DEVICE_FAMILY = "1,2,7";
				TEST_TARGET_NAME = TodoSphere;
				XROS_DEPLOYMENT_TARGET = 2.5;
			};
			name = Debug;
		};
		8F77CC452EAA3B1600D4FB4F /* Release */ = {
			isa = XCBuildConfiguration;
			buildSettings = {
				CODE_SIGN_STYLE = Automatic;
				CURRENT_PROJECT_VERSION = 1;
				GENERATE_INFOPLIST_FILE = YES;
				IPHONEOS_DEPLOYMENT_TARGET = 18.5;
				MACOSX_DEPLOYMENT_TARGET = 15.3;
				MARKETING_VERSION = 1.0;
				PRODUCT_BUNDLE_IDENTIFIER = com.healtinhappchick.TodoSphereUITests;
				PRODUCT_NAME = "$(TARGET_NAME)";
				SDKROOT = auto;
				SUPPORTED_PLATFORMS = "iphoneos iphonesimulator macosx xros xrsimulator";
				SWIFT_EMIT_LOC_STRINGS = NO;
				SWIFT_VERSION = 5.0;
				TARGETED_DEVICE_FAMILY = "1,2,7";
				TEST_TARGET_NAME = TodoSphere;
				XROS_DEPLOYMENT_TARGET = 2.5;
			};
			name = Release;
		};
		8F77CDAC2EAFB41200D4FB4F /* Debug */ = {
			isa = XCBuildConfiguration;
			buildSettings = {
				CODE_SIGN_STYLE = Automatic;
				CURRENT_PROJECT_VERSION = 1;
				GENERATE_INFOPLIST_FILE = YES;
				INFOPLIST_FILE = NotificationServiceExtensionApp/Info.plist;
				INFOPLIST_KEY_CFBundleDisplayName = NotificationServiceExtensionApp;
				INFOPLIST_KEY_NSHumanReadableCopyright = "";
				IPHONEOS_DEPLOYMENT_TARGET = 15.0;
				LD_RUNPATH_SEARCH_PATHS = (
					"$(inherited)",
					"@executable_path/Frameworks",
					"@executable_path/../../Frameworks",
				);
				MARKETING_VERSION = 1.0;
				PRODUCT_BUNDLE_IDENTIFIER = com.manageroftasksapps.TodoSphere.NotificationServiceExtensionApp;
				PRODUCT_NAME = "$(TARGET_NAME)";
				SDKROOT = iphoneos;
				SKIP_INSTALL = YES;
				SUPPORTED_PLATFORMS = "iphoneos iphonesimulator";
				SUPPORTS_MACCATALYST = NO;
				SUPPORTS_MAC_DESIGNED_FOR_IPHONE_IPAD = NO;
				SUPPORTS_XR_DESIGNED_FOR_IPHONE_IPAD = NO;
				SWIFT_EMIT_LOC_STRINGS = YES;
				SWIFT_VERSION = 5.0;
				TARGETED_DEVICE_FAMILY = 1;
			};
			name = Debug;
		};
		8F77CDAD2EAFB41200D4FB4F /* Release */ = {
			isa = XCBuildConfiguration;
			buildSettings = {
				CODE_SIGN_STYLE = Automatic;
				CURRENT_PROJECT_VERSION = 1;
				GENERATE_INFOPLIST_FILE = YES;
				INFOPLIST_FILE = NotificationServiceExtensionApp/Info.plist;
				INFOPLIST_KEY_CFBundleDisplayName = NotificationServiceExtensionApp;
				INFOPLIST_KEY_NSHumanReadableCopyright = "";
				IPHONEOS_DEPLOYMENT_TARGET = 15.0;
				LD_RUNPATH_SEARCH_PATHS = (
					"$(inherited)",
					"@executable_path/Frameworks",
					"@executable_path/../../Frameworks",
				);
				MARKETING_VERSION = 1.0;
				PRODUCT_BUNDLE_IDENTIFIER = com.manageroftasksapps.TodoSphere.NotificationServiceExtensionApp;
				PRODUCT_NAME = "$(TARGET_NAME)";
				SDKROOT = iphoneos;
				SKIP_INSTALL = YES;
				SUPPORTED_PLATFORMS = "iphoneos iphonesimulator";
				SUPPORTS_MACCATALYST = NO;
				SUPPORTS_MAC_DESIGNED_FOR_IPHONE_IPAD = NO;
				SUPPORTS_XR_DESIGNED_FOR_IPHONE_IPAD = NO;
				SWIFT_EMIT_LOC_STRINGS = YES;
				SWIFT_VERSION = 5.0;
				TARGETED_DEVICE_FAMILY = 1;
				VALIDATE_PRODUCT = YES;
			};
			name = Release;
		};
/* End XCBuildConfiguration section */

/* Begin XCConfigurationList section */
		8F77CC162EAA3B1400D4FB4F /* Build configuration list for PBXProject "TodoSphere" */ = {
			isa = XCConfigurationList;
			buildConfigurations = (
				8F77CC3B2EAA3B1600D4FB4F /* Debug */,
				8F77CC3C2EAA3B1600D4FB4F /* Release */,
			);
			defaultConfigurationIsVisible = 0;
			defaultConfigurationName = Release;
		};
		8F77CC3D2EAA3B1600D4FB4F /* Build configuration list for PBXNativeTarget "TodoSphere" */ = {
			isa = XCConfigurationList;
			buildConfigurations = (
				8F77CC3E2EAA3B1600D4FB4F /* Debug */,
				8F77CC3F2EAA3B1600D4FB4F /* Release */,
			);
			defaultConfigurationIsVisible = 0;
			defaultConfigurationName = Release;
		};
		8F77CC402EAA3B1600D4FB4F /* Build configuration list for PBXNativeTarget "TodoSphereTests" */ = {
			isa = XCConfigurationList;
			buildConfigurations = (
				8F77CC412EAA3B1600D4FB4F /* Debug */,
				8F77CC422EAA3B1600D4FB4F /* Release */,
			);
			defaultConfigurationIsVisible = 0;
			defaultConfigurationName = Release;
		};
		8F77CC432EAA3B1600D4FB4F /* Build configuration list for PBXNativeTarget "TodoSphereUITests" */ = {
			isa = XCConfigurationList;
			buildConfigurations = (
				8F77CC442EAA3B1600D4FB4F /* Debug */,
				8F77CC452EAA3B1600D4FB4F /* Release */,
			);
			defaultConfigurationIsVisible = 0;
			defaultConfigurationName = Release;
		};
		8F77CDAB2EAFB41200D4FB4F /* Build configuration list for PBXNativeTarget "NotificationServiceExtensionApp" */ = {
			isa = XCConfigurationList;
			buildConfigurations = (
				8F77CDAC2EAFB41200D4FB4F /* Debug */,
				8F77CDAD2EAFB41200D4FB4F /* Release */,
			);
			defaultConfigurationIsVisible = 0;
			defaultConfigurationName = Release;
		};
/* End XCConfigurationList section */

/* Begin XCRemoteSwiftPackageReference section */
		8F77CC5C2EAA3EF500D4FB4F /* XCRemoteSwiftPackageReference "firebase-ios-sdk" */ = {
			isa = XCRemoteSwiftPackageReference;
			repositoryURL = "https://github.com/firebase/firebase-ios-sdk";
			requirement = {
				kind = upToNextMajorVersion;
				minimumVersion = 12.4.0;
			};
		};
/* End XCRemoteSwiftPackageReference section */

/* Begin XCSwiftPackageProductDependency section */
		8F77CC5D2EAA3EF500D4FB4F /* FirebaseAnalytics */ = {
			isa = XCSwiftPackageProductDependency;
			package = 8F77CC5C2EAA3EF500D4FB4F /* XCRemoteSwiftPackageReference "firebase-ios-sdk" */;
			productName = FirebaseAnalytics;
		};
		8F77CC5F2EAA3EF500D4FB4F /* FirebaseMessaging */ = {
			isa = XCSwiftPackageProductDependency;
			package = 8F77CC5C2EAA3EF500D4FB4F /* XCRemoteSwiftPackageReference "firebase-ios-sdk" */;
			productName = FirebaseMessaging;
		};
		8F77CDB12EAFB44500D4FB4F /* FirebaseMessaging */ = {
			isa = XCSwiftPackageProductDependency;
			package = 8F77CC5C2EAA3EF500D4FB4F /* XCRemoteSwiftPackageReference "firebase-ios-sdk" */;
			productName = FirebaseMessaging;
		};
/* End XCSwiftPackageProductDependency section */
	};
	rootObject = 8F77CC132EAA3B1400D4FB4F /* Project object */;
}
